
Microsoft Visual Studio Solution File, Format Version 12.00
# Visual Studio Version 17
VisualStudioVersion = 17.14.36408.4
MinimumVisualStudioVersion = 10.0.40219.1
Project("{FAE04EC0-301F-11D3-BF4B-00C04F79EFBC}") = "OsFacil", "OsFacil\OsFacil.csproj", "{0B82ABA2-4EE4-4832-BAB0-602892F0A58B}"
EndProject
Project("{FAE04EC0-301F-11D3-BF4B-00C04F79EFBC}") = "OsFacil.Tests", "OsFacil.Tests\OsFacil.Tests.csproj", "{1E4CF3FA-28D7-42A2-BDEB-E21377EBDEF4}"
EndProject
Global
	GlobalSection(SolutionConfigurationPlatforms) = preSolution
		Debug|Any CPU = Debug|Any CPU
		Release|Any CPU = Release|Any CPU
	EndGlobalSection
	GlobalSection(ProjectConfigurationPlatforms) = postSolution
		{0B82ABA2-4EE4-4832-BAB0-602892F0A58B}.Debug|Any CPU.ActiveCfg = Debug|Any CPU
		{0B82ABA2-4EE4-4832-BAB0-602892F0A58B}.Debug|Any CPU.Build.0 = Debug|Any CPU
		{0B82ABA2-4EE4-4832-BAB0-602892F0A58B}.Release|Any CPU.ActiveCfg = Release|Any CPU
		{0B82ABA2-4EE4-4832-BAB0-602892F0A58B}.Release|Any CPU.Build.0 = Release|Any CPU
		{1E4CF3FA-28D7-42A2-BDEB-E21377EBDEF4}.Debug|Any CPU.ActiveCfg = Debug|Any CPU
		{1E4CF3FA-28D7-42A2-BDEB-E21377EBDEF4}.Debug|Any CPU.Build.0 = Debug|Any CPU
		{1E4CF3FA-28D7-42A2-BDEB-E21377EBDEF4}.Release|Any CPU.ActiveCfg = Release|Any CPU
		{1E4CF3FA-28D7-42A2-BDEB-E21377EBDEF4}.Release|Any CPU.Build.0 = Release|Any CPU
	EndGlobalSection
	GlobalSection(SolutionProperties) = preSolution
		HideSolutionNode = FALSE
	EndGlobalSection
	GlobalSection(ExtensibilityGlobals) = postSolution
		SolutionGuid = {4B88283F-C151-4D72-AFD2-2A1197A8ABBE}
	EndGlobalSection
EndGlobal
